// !$*UTF8*$!
{
	archiveVersion = 1;
	classes = {
	};
	objectVersion = 46;
	objects = {

/* Begin PBXBuildFile section */
		30836B4A1C2ED8EE00B85B9C /* main.m in Sources */ = {isa = PBXBuildFile; fileRef = 30836B491C2ED8EE00B85B9C /* main.m */; };
		30836B4D1C2ED8EE00B85B9C /* AppDelegate.m in Sources */ = {isa = PBXBuildFile; fileRef = 30836B4C1C2ED8EE00B85B9C /* AppDelegate.m */; };
		30836B501C2ED8EE00B85B9C /* ViewController.m in Sources */ = {isa = PBXBuildFile; fileRef = 30836B4F1C2ED8EE00B85B9C /* ViewController.m */; };
		30836B531C2ED8EE00B85B9C /* Main.storyboard in Resources */ = {isa = PBXBuildFile; fileRef = 30836B511C2ED8EE00B85B9C /* Main.storyboard */; };
		30836B551C2ED8EE00B85B9C /* Assets.xcassets in Resources */ = {isa = PBXBuildFile; fileRef = 30836B541C2ED8EE00B85B9C /* Assets.xcassets */; };
		30836B581C2ED8EE00B85B9C /* LaunchScreen.storyboard in Resources */ = {isa = PBXBuildFile; fileRef = 30836B561C2ED8EE00B85B9C /* LaunchScreen.storyboard */; };
		30836B631C2ED8EE00B85B9C /* TextViewPlaceholderTests.m in Sources */ = {isa = PBXBuildFile; fileRef = 30836B621C2ED8EE00B85B9C /* TextViewPlaceholderTests.m */; };
		30836B6E1C2ED8EF00B85B9C /* TextViewPlaceholderUITests.m in Sources */ = {isa = PBXBuildFile; fileRef = 30836B6D1C2ED8EF00B85B9C /* TextViewPlaceholderUITests.m */; };
		30836B7D1C2ED94800B85B9C /* CustomTextVeiw.m in Sources */ = {isa = PBXBuildFile; fileRef = 30836B7C1C2ED94800B85B9C /* CustomTextVeiw.m */; };
/* End PBXBuildFile section */

/* Begin PBXContainerItemProxy section */
		30836B5F1C2ED8EE00B85B9C /* PBXContainerItemProxy */ = {
			isa = PBXContainerItemProxy;
			containerPortal = 30836B3D1C2ED8EE00B85B9C /* Project object */;
			proxyType = 1;
			remoteGlobalIDString = 30836B441C2ED8EE00B85B9C;
			remoteInfo = TextViewPlaceholder;
		};
		30836B6A1C2ED8EF00B85B9C /* PBXContainerItemProxy */ = {
			isa = PBXContainerItemProxy;
			containerPortal = 30836B3D1C2ED8EE00B85B9C /* Project object */;
			proxyType = 1;
			remoteGlobalIDString = 30836B441C2ED8EE00B85B9C;
			remoteInfo = TextViewPlaceholder;
		};
/* End PBXContainerItemProxy section */

/* Begin PBXFileReference section */
		30836B451C2ED8EE00B85B9C /* TextViewPlaceholder.app */ = {isa = PBXFileReference; explicitFileType = wrapper.application; includeInIndex = 0; path = TextViewPlaceholder.app; sourceTree = BUILT_PRODUCTS_DIR; };
		30836B491C2ED8EE00B85B9C /* main.m */ = {isa = PBXFileReference; lastKnownFileType = sourcecode.c.objc; path = main.m; sourceTree = "<group>"; };
		30836B4B1C2ED8EE00B85B9C /* AppDelegate.h */ = {isa = PBXFileReference; lastKnownFileType = sourcecode.c.h; path = AppDelegate.h; sourceTree = "<group>"; };
		30836B4C1C2ED8EE00B85B9C /* AppDelegate.m */ = {isa = PBXFileReference; lastKnownFileType = sourcecode.c.objc; path = AppDelegate.m; sourceTree = "<group>"; };
		30836B4E1C2ED8EE00B85B9C /* ViewController.h */ = {isa = PBXFileReference; lastKnownFileType = sourcecode.c.h; path = ViewController.h; sourceTree = "<group>"; };
		30836B4F1C2ED8EE00B85B9C /* ViewController.m */ = {isa = PBXFileReference; lastKnownFileType = sourcecode.c.objc; path = ViewController.m; sourceTree = "<group>"; };
		30836B521C2ED8EE00B85B9C /* Base */ = {isa = PBXFileReference; lastKnownFileType = file.storyboard; name = Base; path = Base.lproj/Main.storyboard; sourceTree = "<group>"; };
		30836B541C2ED8EE00B85B9C /* Assets.xcassets */ = {isa = PBXFileReference; lastKnownFileType = folder.assetcatalog; path = Assets.xcassets; sourceTree = "<group>"; };
		30836B571C2ED8EE00B85B9C /* Base */ = {isa = PBXFileReference; lastKnownFileType = file.storyboard; name = Base; path = Base.lproj/LaunchScreen.storyboard; sourceTree = "<group>"; };
		30836B591C2ED8EE00B85B9C /* Info.plist */ = {isa = PBXFileReference; lastKnownFileType = text.plist.xml; path = Info.plist; sourceTree = "<group>"; };
		30836B5E1C2ED8EE00B85B9C /* TextViewPlaceholderTests.xctest */ = {isa = PBXFileReference; explicitFileType = wrapper.cfbundle; includeInIndex = 0; path = TextViewPlaceholderTests.xctest; sourceTree = BUILT_PRODUCTS_DIR; };
		30836B621C2ED8EE00B85B9C /* TextViewPlaceholderTests.m */ = {isa = PBXFileReference; lastKnownFileType = sourcecode.c.objc; path = TextViewPlaceholderTests.m; sourceTree = "<group>"; };
		30836B641C2ED8EE00B85B9C /* Info.plist */ = {isa = PBXFileReference; lastKnownFileType = text.plist.xml; path = Info.plist; sourceTree = "<group>"; };
		30836B691C2ED8EE00B85B9C /* TextViewPlaceholderUITests.xctest */ = {isa = PBXFileReference; explicitFileType = wrapper.cfbundle; includeInIndex = 0; path = TextViewPlaceholderUITests.xctest; sourceTree = BUILT_PRODUCTS_DIR; };
		30836B6D1C2ED8EF00B85B9C /* TextViewPlaceholderUITests.m */ = {isa = PBXFileReference; lastKnownFileType = sourcecode.c.objc; path = TextViewPlaceholderUITests.m; sourceTree = "<group>"; };
		30836B6F1C2ED8EF00B85B9C /* Info.plist */ = {isa = PBXFileReference; lastKnownFileType = text.plist.xml; path = Info.plist; sourceTree = "<group>"; };
		30836B7B1C2ED94800B85B9C /* CustomTextVeiw.h */ = {isa = PBXFileReference; fileEncoding = 4; lastKnownFileType = sourcecode.c.h; path = CustomTextVeiw.h; sourceTree = "<group>"; };
		30836B7C1C2ED94800B85B9C /* CustomTextVeiw.m */ = {isa = PBXFileReference; fileEncoding = 4; lastKnownFileType = sourcecode.c.objc; path = CustomTextVeiw.m; sourceTree = "<group>"; };
/* End PBXFileReference section */

/* Begin PBXFrameworksBuildPhase section */
		30836B421C2ED8EE00B85B9C /* Frameworks */ = {
			isa = PBXFrameworksBuildPhase;
			buildActionMask = 2147483647;
			files = (
			);
			runOnlyForDeploymentPostprocessing = 0;
		};
		30836B5B1C2ED8EE00B85B9C /* Frameworks */ = {
			isa = PBXFrameworksBuildPhase;
			buildActionMask = 2147483647;
			files = (
			);
			runOnlyForDeploymentPostprocessing = 0;
		};
		30836B661C2ED8EE00B85B9C /* Frameworks */ = {
			isa = PBXFrameworksBuildPhase;
			buildActionMask = 2147483647;
			files = (
			);
			runOnlyForDeploymentPostprocessing = 0;
		};
/* End PBXFrameworksBuildPhase section */

/* Begin PBXGroup section */
		30836B3C1C2ED8EE00B85B9C = {
			isa = PBXGroup;
			children = (
				30836B471C2ED8EE00B85B9C /* TextViewPlaceholder */,
				30836B611C2ED8EE00B85B9C /* TextViewPlaceholderTests */,
				30836B6C1C2ED8EF00B85B9C /* TextViewPlaceholderUITests */,
				30836B461C2ED8EE00B85B9C /* Products */,
			);
			sourceTree = "<group>";
		};
		30836B461C2ED8EE00B85B9C /* Products */ = {
			isa = PBXGroup;
			children = (
				30836B451C2ED8EE00B85B9C /* TextViewPlaceholder.app */,
				30836B5E1C2ED8EE00B85B9C /* TextViewPlaceholderTests.xctest */,
				30836B691C2ED8EE00B85B9C /* TextViewPlaceholderUITests.xctest */,
			);
			name = Products;
			sourceTree = "<group>";
		};
		30836B471C2ED8EE00B85B9C /* TextViewPlaceholder */ = {
			isa = PBXGroup;
			children = (
				30836B4B1C2ED8EE00B85B9C /* AppDelegate.h */,
				30836B4C1C2ED8EE00B85B9C /* AppDelegate.m */,
				30836B4E1C2ED8EE00B85B9C /* ViewController.h */,
				30836B4F1C2ED8EE00B85B9C /* ViewController.m */,
				30836B7B1C2ED94800B85B9C /* CustomTextVeiw.h */,
				30836B7C1C2ED94800B85B9C /* CustomTextVeiw.m */,
				30836B511C2ED8EE00B85B9C /* Main.storyboard */,
				30836B541C2ED8EE00B85B9C /* Assets.xcassets */,
				30836B561C2ED8EE00B85B9C /* LaunchScreen.storyboard */,
				30836B591C2ED8EE00B85B9C /* Info.plist */,
				30836B481C2ED8EE00B85B9C /* Supporting Files */,
			);
			path = TextViewPlaceholder;
			sourceTree = "<group>";
		};
		30836B481C2ED8EE00B85B9C /* Supporting Files */ = {
			isa = PBXGroup;
			children = (
				30836B491C2ED8EE00B85B9C /* main.m */,
			);
			name = "Supporting Files";
			sourceTree = "<group>";
		};
		30836B611C2ED8EE00B85B9C /* TextViewPlaceholderTests */ = {
			isa = PBXGroup;
			children = (
				30836B621C2ED8EE00B85B9C /* TextViewPlaceholderTests.m */,
				30836B641C2ED8EE00B85B9C /* Info.plist */,
			);
			path = TextViewPlaceholderTests;
			sourceTree = "<group>";
		};
		30836B6C1C2ED8EF00B85B9C /* TextViewPlaceholderUITests */ = {
			isa = PBXGroup;
			children = (
				30836B6D1C2ED8EF00B85B9C /* TextViewPlaceholderUITests.m */,
				30836B6F1C2ED8EF00B85B9C /* Info.plist */,
			);
			path = TextViewPlaceholderUITests;
			sourceTree = "<group>";
		};
/* End PBXGroup section */

/* Begin PBXNativeTarget section */
		30836B441C2ED8EE00B85B9C /* TextViewPlaceholder */ = {
			isa = PBXNativeTarget;
			buildConfigurationList = 30836B721C2ED8EF00B85B9C /* Build configuration list for PBXNativeTarget "TextViewPlaceholder" */;
			buildPhases = (
				30836B411C2ED8EE00B85B9C /* Sources */,
				30836B421C2ED8EE00B85B9C /* Frameworks */,
				30836B431C2ED8EE00B85B9C /* Resources */,
			);
			buildRules = (
			);
			dependencies = (
			);
			name = TextViewPlaceholder;
			productName = TextViewPlaceholder;
			productReference = 30836B451C2ED8EE00B85B9C /* TextViewPlaceholder.app */;
			productType = "com.apple.product-type.application";
		};
		30836B5D1C2ED8EE00B85B9C /* TextViewPlaceholderTests */ = {
			isa = PBXNativeTarget;
			buildConfigurationList = 30836B751C2ED8EF00B85B9C /* Build configuration list for PBXNativeTarget "TextViewPlaceholderTests" */;
			buildPhases = (
				30836B5A1C2ED8EE00B85B9C /* Sources */,
				30836B5B1C2ED8EE00B85B9C /* Frameworks */,
				30836B5C1C2ED8EE00B85B9C /* Resources */,
			);
			buildRules = (
			);
			dependencies = (
				30836B601C2ED8EE00B85B9C /* PBXTargetDependency */,
			);
			name = TextViewPlaceholderTests;
			productName = TextViewPlaceholderTests;
			productReference = 30836B5E1C2ED8EE00B85B9C /* TextViewPlaceholderTests.xctest */;
			productType = "com.apple.product-type.bundle.unit-test";
		};
		30836B681C2ED8EE00B85B9C /* TextViewPlaceholderUITests */ = {
			isa = PBXNativeTarget;
			buildConfigurationList = 30836B781C2ED8EF00B85B9C /* Build configuration list for PBXNativeTarget "TextViewPlaceholderUITests" */;
			buildPhases = (
				30836B651C2ED8EE00B85B9C /* Sources */,
				30836B661C2ED8EE00B85B9C /* Frameworks */,
				30836B671C2ED8EE00B85B9C /* Resources */,
			);
			buildRules = (
			);
			dependencies = (
				30836B6B1C2ED8EF00B85B9C /* PBXTargetDependency */,
			);
			name = TextViewPlaceholderUITests;
			productName = TextViewPlaceholderUITests;
			productReference = 30836B691C2ED8EE00B85B9C /* TextViewPlaceholderUITests.xctest */;
			productType = "com.apple.product-type.bundle.ui-testing";
		};
/* End PBXNativeTarget section */

/* Begin PBXProject section */
		30836B3D1C2ED8EE00B85B9C /* Project object */ = {
			isa = PBXProject;
			attributes = {
				LastUpgradeCheck = 0710;
				ORGANIZATIONNAME = SunwinQuan;
				TargetAttributes = {
					30836B441C2ED8EE00B85B9C = {
						CreatedOnToolsVersion = 7.1;
					};
					30836B5D1C2ED8EE00B85B9C = {
						CreatedOnToolsVersion = 7.1;
						TestTargetID = 30836B441C2ED8EE00B85B9C;
					};
					30836B681C2ED8EE00B85B9C = {
						CreatedOnToolsVersion = 7.1;
						TestTargetID = 30836B441C2ED8EE00B85B9C;
					};
				};
			};
			buildConfigurationList = 30836B401C2ED8EE00B85B9C /* Build configuration list for PBXProject "TextViewPlaceholder" */;
			compatibilityVersion = "Xcode 3.2";
			developmentRegion = English;
			hasScannedForEncodings = 0;
			knownRegions = (
				en,
				Base,
			);
			mainGroup = 30836B3C1C2ED8EE00B85B9C;
			productRefGroup = 30836B461C2ED8EE00B85B9C /* Products */;
			projectDirPath = "";
			projectRoot = "";
			targets = (
				30836B441C2ED8EE00B85B9C /* TextViewPlaceholder */,
				30836B5D1C2ED8EE00B85B9C /* TextViewPlaceholderTests */,
				30836B681C2ED8EE00B85B9C /* TextViewPlaceholderUITests */,
			);
		};
/* End PBXProject section */

/* Begin PBXResourcesBuildPhase section */
		30836B431C2ED8EE00B85B9C /* Resources */ = {
			isa = PBXResourcesBuildPhase;
			buildActionMask = 2147483647;
			files = (
				30836B581C2ED8EE00B85B9C /* LaunchScreen.storyboard in Resources */,
				30836B551C2ED8EE00B85B9C /* Assets.xcassets in Resources */,
				30836B531C2ED8EE00B85B9C /* Main.storyboard in Resources */,
			);
			runOnlyForDeploymentPostprocessing = 0;
		};
		30836B5C1C2ED8EE00B85B9C /* Resources */ = {
			isa = PBXResourcesBuildPhase;
			buildActionMask = 2147483647;
			files = (
			);
			runOnlyForDeploymentPostprocessing = 0;
		};
		30836B671C2ED8EE00B85B9C /* Resources */ = {
			isa = PBXResourcesBuildPhase;
			buildActionMask = 2147483647;
			files = (
			);
			runOnlyForDeploymentPostprocessing = 0;
		};
/* End PBXResourcesBuildPhase section */

/* Begin PBXSourcesBuildPhase section */
		30836B411C2ED8EE00B85B9C /* Sources */ = {
			isa = PBXSourcesBuildPhase;
			buildActionMask = 2147483647;
			files = (
				30836B501C2ED8EE00B85B9C /* ViewController.m in Sources */,
				30836B4D1C2ED8EE00B85B9C /* AppDelegate.m in Sources */,
				30836B7D1C2ED94800B85B9C /* CustomTextVeiw.m in Sources */,
				30836B4A1C2ED8EE00B85B9C /* main.m in Sources */,
			);
			runOnlyForDeploymentPostprocessing = 0;
		};
		30836B5A1C2ED8EE00B85B9C /* Sources */ = {
			isa = PBXSourcesBuildPhase;
			buildActionMask = 2147483647;
			files = (
				30836B631C2ED8EE00B85B9C /* TextViewPlaceholderTests.m in Sources */,
			);
			runOnlyForDeploymentPostprocessing = 0;
		};
		30836B651C2ED8EE00B85B9C /* Sources */ = {
			isa = PBXSourcesBuildPhase;
			buildActionMask = 2147483647;
			files = (
				30836B6E1C2ED8EF00B85B9C /* TextViewPlaceholderUITests.m in Sources */,
			);
			runOnlyForDeploymentPostprocessing = 0;
		};
/* End PBXSourcesBuildPhase section */

/* Begin PBXTargetDependency section */
		30836B601C2ED8EE00B85B9C /* PBXTargetDependency */ = {
			isa = PBXTargetDependency;
			target = 30836B441C2ED8EE00B85B9C /* TextViewPlaceholder */;
			targetProxy = 30836B5F1C2ED8EE00B85B9C /* PBXContainerItemProxy */;
		};
		30836B6B1C2ED8EF00B85B9C /* PBXTargetDependency */ = {
			isa = PBXTargetDependency;
			target = 30836B441C2ED8EE00B85B9C /* TextViewPlaceholder */;
			targetProxy = 30836B6A1C2ED8EF00B85B9C /* PBXContainerItemProxy */;
		};
/* End PBXTargetDependency section */

/* Begin PBXVariantGroup section */
		30836B511C2ED8EE00B85B9C /* Main.storyboard */ = {
			isa = PBXVariantGroup;
			children = (
				30836B521C2ED8EE00B85B9C /* Base */,
			);
			name = Main.storyboard;
			sourceTree = "<group>";
		};
		30836B561C2ED8EE00B85B9C /* LaunchScreen.storyboard */ = {
			isa = PBXVariantGroup;
			children = (
				30836B571C2ED8EE00B85B9C /* Base */,
			);
			name = LaunchScreen.storyboard;
			sourceTree = "<group>";
		};
/* End PBXVariantGroup section */

/* Begin XCBuildConfiguration section */
		30836B701C2ED8EF00B85B9C /* Debug */ = {
			isa = XCBuildConfiguration;
			buildSettings = {
				ALWAYS_SEARCH_USER_PATHS = NO;
				CLANG_CXX_LANGUAGE_STANDARD = "gnu++0x";
				CLANG_CXX_LIBRARY = "libc++";
				CLANG_ENABLE_MODULES = YES;
				CLANG_ENABLE_OBJC_ARC = YES;
				CLANG_WARN_BOOL_CONVERSION = YES;
				CLANG_WARN_CONSTANT_CONVERSION = YES;
				CLANG_WARN_DIRECT_OBJC_ISA_USAGE = YES_ERROR;
				CLANG_WARN_EMPTY_BODY = YES;
				CLANG_WARN_ENUM_CONVERSION = YES;
				CLANG_WARN_INT_CONVERSION = YES;
				CLANG_WARN_OBJC_ROOT_CLASS = YES_ERROR;
				CLANG_WARN_UNREACHABLE_CODE = YES;
				CLANG_WARN__DUPLICATE_METHOD_MATCH = YES;
				"CODE_SIGN_IDENTITY[sdk=iphoneos*]" = "iPhone Developer";
				COPY_PHASE_STRIP = NO;
				DEBUG_INFORMATION_FORMAT = dwarf;
				ENABLE_STRICT_OBJC_MSGSEND = YES;
				ENABLE_TESTABILITY = YES;
				GCC_C_LANGUAGE_STANDARD = gnu99;
				GCC_DYNAMIC_NO_PIC = NO;
				GCC_NO_COMMON_BLOCKS = YES;
				GCC_OPTIMIZATION_LEVEL = 0;
				GCC_PREPROCESSOR_DEFINITIONS = (
					"DEBUG=1",
					"$(inherited)",
				);
				GCC_WARN_64_TO_32_BIT_CONVERSION = YES;
				GCC_WARN_ABOUT_RETURN_TYPE = YES_ERROR;
				GCC_WARN_UNDECLARED_SELECTOR = YES;
				GCC_WARN_UNINITIALIZED_AUTOS = YES_AGGRESSIVE;
				GCC_WARN_UNUSED_FUNCTION = YES;
				GCC_WARN_UNUSED_VARIABLE = YES;
				IPHONEOS_DEPLOYMENT_TARGET = 9.1;
				MTL_ENABLE_DEBUG_INFO = YES;
				ONLY_ACTIVE_ARCH = YES;
				SDKROOT = iphoneos;
				TARGETED_DEVICE_FAMILY = "1,2";
			};
			name = Debug;
		};
		30836B711C2ED8EF00B85B9C /* Release */ = {
			isa = XCBuildConfiguration;
			buildSettings = {
				ALWAYS_SEARCH_USER_PATHS = NO;
				CLANG_CXX_LANGUAGE_STANDARD = "gnu++0x";
				CLANG_CXX_LIBRARY = "libc++";
				CLANG_ENABLE_MODULES = YES;
				CLANG_ENABLE_OBJC_ARC = YES;
				CLANG_WARN_BOOL_CONVERSION = YES;
				CLANG_WARN_CONSTANT_CONVERSION = YES;
				CLANG_WARN_DIRECT_OBJC_ISA_USAGE = YES_ERROR;
				CLANG_WARN_EMPTY_BODY = YES;
				CLANG_WARN_ENUM_CONVERSION = YES;
				CLANG_WARN_INT_CONVERSION = YES;
				CLANG_WARN_OBJC_ROOT_CLASS = YES_ERROR;
				CLANG_WARN_UNREACHABLE_CODE = YES;
				CLANG_WARN__DUPLICATE_METHOD_MATCH = YES;
				"CODE_SIGN_IDENTITY[sdk=iphoneos*]" = "iPhone Developer";
				COPY_PHASE_STRIP = NO;
				DEBUG_INFORMATION_FORMAT = "dwarf-with-dsym";
				ENABLE_NS_ASSERTIONS = NO;
				ENABLE_STRICT_OBJC_MSGSEND = YES;
				GCC_C_LANGUAGE_STANDARD = gnu99;
				GCC_NO_COMMON_BLOCKS = YES;
				GCC_WARN_64_TO_32_BIT_CONVERSION = YES;
				GCC_WARN_ABOUT_RETURN_TYPE = YES_ERROR;
				GCC_WARN_UNDECLARED_SELECTOR = YES;
				GCC_WARN_UNINITIALIZED_AUTOS = YES_AGGRESSIVE;
				GCC_WARN_UNUSED_FUNCTION = YES;
				GCC_WARN_UNUSED_VARIABLE = YES;
				IPHONEOS_DEPLOYMENT_TARGET = 9.1;
				MTL_ENABLE_DEBUG_INFO = NO;
				SDKROOT = iphoneos;
				TARGETED_DEVICE_FAMILY = "1,2";
				VALIDATE_PRODUCT = YES;
			};
			name = Release;
		};
		30836B731C2ED8EF00B85B9C /* Debug */ = {
			isa = XCBuildConfiguration;
			buildSettings = {
				ASSETCATALOG_COMPILER_APPICON_NAME = AppIcon;
				INFOPLIST_FILE = TextViewPlaceholder/Info.plist;
				LD_RUNPATH_SEARCH_PATHS = "$(inherited) @executable_path/Frameworks";
				PRODUCT_BUNDLE_IDENTIFIER = com.SunwinQuan.TextViewPlaceholder;
				PRODUCT_NAME = "$(TARGET_NAME)";
			};
			name = Debug;
		};
		30836B741C2ED8EF00B85B9C /* Release */ = {
			isa = XCBuildConfiguration;
			buildSettings = {
				ASSETCATALOG_COMPILER_APPICON_NAME = AppIcon;
				INFOPLIST_FILE = TextViewPlaceholder/Info.plist;
				LD_RUNPATH_SEARCH_PATHS = "$(inherited) @executable_path/Frameworks";
				PRODUCT_BUNDLE_IDENTIFIER = com.SunwinQuan.TextViewPlaceholder;
				PRODUCT_NAME = "$(TARGET_NAME)";
			};
			name = Release;
		};
		30836B761C2ED8EF00B85B9C /* Debug */ = {
			isa = XCBuildConfiguration;
			buildSettings = {
				BUNDLE_LOADER = "$(TEST_HOST)";
				INFOPLIST_FILE = TextViewPlaceholderTests/Info.plist;
				LD_RUNPATH_SEARCH_PATHS = "$(inherited) @executable_path/Frameworks @loader_path/Frameworks";
				PRODUCT_BUNDLE_IDENTIFIER = com.SunwinQuan.TextViewPlaceholderTests;
				PRODUCT_NAME = "$(TARGET_NAME)";
				TEST_HOST = "$(BUILT_PRODUCTS_DIR)/TextViewPlaceholder.app/TextViewPlaceholder";
			};
			name = Debug;
		};
		30836B771C2ED8EF00B85B9C /* Release */ = {
			isa = XCBuildConfiguration;
			buildSettings = {
				BUNDLE_LOADER = "$(TEST_HOST)";
				INFOPLIST_FILE = TextViewPlaceholderTests/Info.plist;
				LD_RUNPATH_SEARCH_PATHS = "$(inherited) @executable_path/Frameworks @loader_path/Frameworks";
				PRODUCT_BUNDLE_IDENTIFIER = com.SunwinQuan.TextViewPlaceholderTests;
				PRODUCT_NAME = "$(TARGET_NAME)";
				TEST_HOST = "$(BUILT_PRODUCTS_DIR)/TextViewPlaceholder.app/TextViewPlaceholder";
			};
			name = Release;
		};
		30836B791C2ED8EF00B85B9C /* Debug */ = {
			isa = XCBuildConfiguration;
			buildSettings = {
				INFOPLIST_FILE = TextViewPlaceholderUITests/Info.plist;
				LD_RUNPATH_SEARCH_PATHS = "$(inherited) @executable_path/Frameworks @loader_path/Frameworks";
				PRODUCT_BUNDLE_IDENTIFIER = com.SunwinQuan.TextViewPlaceholderUITests;
				PRODUCT_NAME = "$(TARGET_NAME)";
				TEST_TARGET_NAME = TextViewPlaceholder;
				USES_XCTRUNNER = YES;
			};
			name = Debug;
		};
		30836B7A1C2ED8EF00B85B9C /* Release */ = {
			isa = XCBuildConfiguration;
			buildSettings = {
				INFOPLIST_FILE = TextViewPlaceholderUITests/Info.plist;
				LD_RUNPATH_SEARCH_PATHS = "$(inherited) @executable_path/Frameworks @loader_path/Frameworks";
				PRODUCT_BUNDLE_IDENTIFIER = com.SunwinQuan.TextViewPlaceholderUITests;
				PRODUCT_NAME = "$(TARGET_NAME)";
				TEST_TARGET_NAME = TextViewPlaceholder;
				USES_XCTRUNNER = YES;
			};
			name = Release;
		};
/* End XCBuildConfiguration section */

/* Begin XCConfigurationList section */
		30836B401C2ED8EE00B85B9C /* Build configuration list for PBXProject "TextViewPlaceholder" */ = {
			isa = XCConfigurationList;
			buildConfigurations = (
				30836B701C2ED8EF00B85B9C /* Debug */,
				30836B711C2ED8EF00B85B9C /* Release */,
			);
			defaultConfigurationIsVisible = 0;
			defaultConfigurationName = Release;
		};
		30836B721C2ED8EF00B85B9C /* Build configuration list for PBXNativeTarget "TextViewPlaceholder" */ = {
			isa = XCConfigurationList;
			buildConfigurations = (
				30836B731C2ED8EF00B85B9C /* Debug */,
				30836B741C2ED8EF00B85B9C /* Release */,
			);
			defaultConfigurationIsVisible = 0;
		};
		30836B751C2ED8EF00B85B9C /* Build configuration list for PBXNativeTarget "TextViewPlaceholderTests" */ = {
			isa = XCConfigurationList;
			buildConfigurations = (
				30836B761C2ED8EF00B85B9C /* Debug */,
				30836B771C2ED8EF00B85B9C /* Release */,
			);
			defaultConfigurationIsVisible = 0;
		};
		30836B781C2ED8EF00B85B9C /* Build configuration list for PBXNativeTarget "TextViewPlaceholderUITests" */ = {
			isa = XCConfigurationList;
			buildConfigurations = (
				30836B791C2ED8EF00B85B9C /* Debug */,
				30836B7A1C2ED8EF00B85B9C /* Release */,
			);
			defaultConfigurationIsVisible = 0;
		};
/* End XCConfigurationList section */
	};
	rootObject = 30836B3D1C2ED8EE00B85B9C /* Project object */;
}
